
Microsoft Visual Studio Solution File, Format Version 12.00
# Visual Studio 15
VisualStudioVersion = 15.0.27130.2036
MinimumVisualStudioVersion = 10.0.40219.1
Project("{FAE04EC0-301F-11D3-BF4B-00C04F79EFBC}") = "ExtentionMethods", "ExtentionMethods\ExtentionMethods.csproj", "{F1573EFE-A5BE-4EE8-B673-53287134FD88}"
EndProject
Global
	GlobalSection(SolutionConfigurationPlatforms) = preSolution
		Debug|Any CPU = Debug|Any CPU
		Release|Any CPU = Release|Any CPU
	EndGlobalSection
	GlobalSection(ProjectConfigurationPlatforms) = postSolution
		{F1573EFE-A5BE-4EE8-B673-53287134FD88}.Debug|Any CPU.ActiveCfg = Debug|Any CPU
		{F1573EFE-A5BE-4EE8-B673-53287134FD88}.Debug|Any CPU.Build.0 = Debug|Any CPU
		{F1573EFE-A5BE-4EE8-B673-53287134FD88}.Release|Any CPU.ActiveCfg = Release|Any CPU
		{F1573EFE-A5BE-4EE8-B673-53287134FD88}.Release|Any CPU.Build.0 = Release|Any CPU
	EndGlobalSection
	GlobalSection(SolutionProperties) = preSolution
		HideSolutionNode = FALSE
	EndGlobalSection
	GlobalSection(ExtensibilityGlobals) = postSolution
		SolutionGuid = {4A99242E-4CE6-49B3-80B7-FB3EE2B57E90}
	EndGlobalSection
EndGlobal
